PODS:
  - AFNetworking (2.2.1):
    - AFNetworking/NSURLConnection
    - AFNetworking/NSURLSession
    - AFNetworking/Reachability
    - AFNetworking/Security
    - AFNetworking/Serialization
    - AFNetworking/UIKit
  - AFNetworking/NSURLConnection (2.2.1):
    - AFNetworking/Reachability
    - AFNetworking/Security
    - AFNetworking/Serialization
  - AFNetworking/NSURLSession (2.2.1):
    - AFNetworking/NSURLConnection
  - AFNetworking/Reachability (2.2.1)
  - AFNetworking/Security (2.2.1)
  - AFNetworking/Serialization (2.2.1)
  - AFNetworking/UIKit (2.2.1):
    - AFNetworking/NSURLConnection
    - AFNetworking/NSURLSession
  - CocoaLumberjack (1.8.0):
    - CocoaLumberjack/Extensions
  - CocoaLumberjack/Core (1.8.0)
  - CocoaLumberjack/Extensions (1.8.0):
    - CocoaLumberjack/Core
  - Kiwi/ARC (2.2.3)
  - Kiwi/NonARC (2.2.3)
  - Kiwi/XCTest (2.2.3):
    - Kiwi/ARC
    - Kiwi/NonARC
  - OHHTTPStubs (3.1.0)
  - RNFCommons (0.1)
  - RNFLogging (0.1)
  - RNFSerialization (0.1)

DEPENDENCIES:
  - AFNetworking
  - CocoaLumberjack
  - Kiwi/XCTest
  - OHHTTPStubs
  - RNFCommons (from `../RNFCommons/RNFCommons.podspec`)
  - RNFLogging (from `../RNFLogging/RNFLogging.podspec`)
  - RNFSerialization (from `../RNFSerialization/RNFSerialization.podspec`)

EXTERNAL SOURCES:
  RNFCommons:
    :path: ../RNFCommons/RNFCommons.podspec
  RNFLogging:
    :path: ../RNFLogging/RNFLogging.podspec
  RNFSerialization:
    :path: ../RNFSerialization/RNFSerialization.podspec

SPEC CHECKSUMS:
  AFNetworking: 0121f4b69be3fa58d1ab317866e036e12ac9651d
  CocoaLumberjack: 6ed94046d2ca7fde03a73b3d01b8cfc56574b314
  Kiwi: 04c51e880831d291748ec702d42c4101f7eb95c9
  OHHTTPStubs: d67c42c0212f0883ddb8592375aa0dc00dc50a36
  RNFCommons: ca921b21dc83c6cbf7aa8eb651a4210d755b1323
  RNFLogging: 56dee735946764bb88aca8259e8660d8eea4202d
  RNFSerialization: f5fa89bdf7990f7114fd0037dd70b2d639dc3045

COCOAPODS: 0.29.0
