// !$*UTF8*$!
{
	archiveVersion = 1;
	classes = {
	};
	objectVersion = 46;
	objects = {

/* Begin PBXAggregateTarget section */
		526B53C918AD6B9400CAC6EC /* Documentation */ = {
			isa = PBXAggregateTarget;
			buildConfigurationList = 526B53CA18AD6B9400CAC6EC /* Build configuration list for PBXAggregateTarget "Documentation" */;
			buildPhases = (
				526B53CD18AD6B9B00CAC6EC /* ShellScript */,
			);
			dependencies = (
			);
			name = Documentation;
			productName = Documentation;
		};
/* End PBXAggregateTarget section */

/* Begin PBXBuildFile section */
		105957FCD2AB4AD6AB8E34D5 /* libPods-RuntimeNetworkFoundationTests.a in Frameworks */ = {isa = PBXBuildFile; fileRef = 5D12B31D577645C0BB2AB9D7 /* libPods-RuntimeNetworkFoundationTests.a */; };
		2D3D0176FE874C5DBD4C46AC /* libPods.a in Frameworks */ = {isa = PBXBuildFile; fileRef = E4BD02A68E494F6CADDF1672 /* libPods.a */; };
		3B2CB31A9B65EE688B170F0D /* InfoPlist.strings in Resources */ = {isa = PBXBuildFile; fileRef = 3B2CB0DC25BDC06782C5BB14 /* InfoPlist.strings */; };
		3B2CB38A6D148F8F07939136 /* RNFAppDelegate.m in Sources */ = {isa = PBXBuildFile; fileRef = 3B2CB645226B389478CA4D0C /* RNFAppDelegate.m */; };
		3B2CB55E6BFD83D8838B376A /* UIKit.framework in Frameworks */ = {isa = PBXBuildFile; fileRef = 3B2CB0BD00D6F77F413E2749 /* UIKit.framework */; };
		3B2CB77292CEBF074041F767 /* main.m in Sources */ = {isa = PBXBuildFile; fileRef = 3B2CB85946B9C96E17DB2C85 /* main.m */; };
		3B2CB7EB616E1016DC961DC3 /* Images.xcassets in Resources */ = {isa = PBXBuildFile; fileRef = 3B2CBB510FDDA0628EC4B825 /* Images.xcassets */; };
		3B2CB800BF850D772357B0D3 /* CoreGraphics.framework in Frameworks */ = {isa = PBXBuildFile; fileRef = 3B2CBF27269CB87C24599AAF /* CoreGraphics.framework */; };
		3B2CBB1125738BA8B6120E32 /* Foundation.framework in Frameworks */ = {isa = PBXBuildFile; fileRef = 3B2CB500C66AF8C6D65BF5FA /* Foundation.framework */; };
		52080C6E18AC10D900EA9C32 /* sampleMisonfiguration.plist in Resources */ = {isa = PBXBuildFile; fileRef = 52080C6D18AC10D900EA9C32 /* sampleMisonfiguration.plist */; };
		52080C6F18AC10D900EA9C32 /* sampleMisonfiguration.plist in Resources */ = {isa = PBXBuildFile; fileRef = 52080C6D18AC10D900EA9C32 /* sampleMisonfiguration.plist */; };
		520A273D18AAC198000CF13B /* RNFMalformedConfiguration.m in Sources */ = {isa = PBXBuildFile; fileRef = 520A273C18AAC198000CF13B /* RNFMalformedConfiguration.m */; };
		521533EC18A976170082ACC9 /* sampleConfiguration.plist in Resources */ = {isa = PBXBuildFile; fileRef = 521533EB18A976170082ACC9 /* sampleConfiguration.plist */; };
		5218571F18A7FC0E00D70786 /* RNFEndpointManager.m in Sources */ = {isa = PBXBuildFile; fileRef = 5218571E18A7FC0E00D70786 /* RNFEndpointManager.m */; };
		5218572218A7FCD900D70786 /* RNFEndpoint.m in Sources */ = {isa = PBXBuildFile; fileRef = 5218572118A7FCD900D70786 /* RNFEndpoint.m */; };
		5218572C18A8182500D70786 /* XCTest.framework in Frameworks */ = {isa = PBXBuildFile; fileRef = 3B2CB6C2A088A7A190B2B38B /* XCTest.framework */; };
		5218572D18A8182500D70786 /* Foundation.framework in Frameworks */ = {isa = PBXBuildFile; fileRef = 3B2CB500C66AF8C6D65BF5FA /* Foundation.framework */; };
		5218572E18A8182500D70786 /* UIKit.framework in Frameworks */ = {isa = PBXBuildFile; fileRef = 3B2CB0BD00D6F77F413E2749 /* UIKit.framework */; };
		5218573418A8182500D70786 /* InfoPlist.strings in Resources */ = {isa = PBXBuildFile; fileRef = 5218573218A8182500D70786 /* InfoPlist.strings */; };
		5224681818A97F8B00124AE5 /* RNFBaseOperation.m in Sources */ = {isa = PBXBuildFile; fileRef = 5224681718A97F8B00124AE5 /* RNFBaseOperation.m */; };
		5224681D18A97FA900124AE5 /* RNFConfigurationNotFound.m in Sources */ = {isa = PBXBuildFile; fileRef = 5224681A18A97FA900124AE5 /* RNFConfigurationNotFound.m */; };
		5224681E18A97FA900124AE5 /* RNFPlistConfigurationLoader.m in Sources */ = {isa = PBXBuildFile; fileRef = 5224681C18A97FA900124AE5 /* RNFPlistConfigurationLoader.m */; };
		52356CB518AFDB9E00587086 /* NSArray+Blocks.m in Sources */ = {isa = PBXBuildFile; fileRef = 52356CB418AFDB9E00587086 /* NSArray+Blocks.m */; };
		52356CB818AFDC6600587086 /* NSArrayCategoryTests.m in Sources */ = {isa = PBXBuildFile; fileRef = 52356CB718AFDC6600587086 /* NSArrayCategoryTests.m */; };
		5241F87B18AE95A500F7DDB9 /* RNFDictionaryOperationConfigurationTests.m in Sources */ = {isa = PBXBuildFile; fileRef = 5241F87A18AE95A500F7DDB9 /* RNFDictionaryOperationConfigurationTests.m */; };
		5265081A18AFEAE600DC7045 /* RNFParametersParserError.m in Sources */ = {isa = PBXBuildFile; fileRef = 5265081918AFEAE600DC7045 /* RNFParametersParserError.m */; };
		526935B618AC0F620082111D /* RNFPlistConfigurationLoaderTests.m in Sources */ = {isa = PBXBuildFile; fileRef = 526935B518AC0F620082111D /* RNFPlistConfigurationLoaderTests.m */; };
		527FBE5A18A97B5E009959E7 /* sampleConfiguration.plist in Resources */ = {isa = PBXBuildFile; fileRef = 521533EB18A976170082ACC9 /* sampleConfiguration.plist */; };
		5280FC4F18ABF71900835D48 /* RNFBaseEndpointConfigurationTests.m in Sources */ = {isa = PBXBuildFile; fileRef = 5280FC4E18ABF71900835D48 /* RNFBaseEndpointConfigurationTests.m */; };
		5280FC5118ABF9B100835D48 /* RNFDictionaryEndpointConfigurationTests.m in Sources */ = {isa = PBXBuildFile; fileRef = 5280FC5018ABF9B100835D48 /* RNFDictionaryEndpointConfigurationTests.m */; };
		5285650818AD6FE000CA9E46 /* RNFBaseEndpointConfiguration.m in Sources */ = {isa = PBXBuildFile; fileRef = 5285650518AD6FE000CA9E46 /* RNFBaseEndpointConfiguration.m */; };
		5285650918AD6FE000CA9E46 /* RNFDictionaryEndpointConfiguration.m in Sources */ = {isa = PBXBuildFile; fileRef = 5285650718AD6FE000CA9E46 /* RNFDictionaryEndpointConfiguration.m */; };
		5285650D18AD6FF800CA9E46 /* RNFBaseOperationConfiguration.m in Sources */ = {isa = PBXBuildFile; fileRef = 5285650C18AD6FF800CA9E46 /* RNFBaseOperationConfiguration.m */; };
		5285651018AD70CA00CA9E46 /* RNFDictionaryOperationConfiguration.m in Sources */ = {isa = PBXBuildFile; fileRef = 5285650F18AD70CA00CA9E46 /* RNFDictionaryOperationConfiguration.m */; };
		528AA5B118AE911F00A07294 /* RNFBaseOperationConfigurationTests.m in Sources */ = {isa = PBXBuildFile; fileRef = 528AA5B018AE911F00A07294 /* RNFBaseOperationConfigurationTests.m */; };
		529B9A0318AFDFA5002BA7F1 /* RNFParametersParser.m in Sources */ = {isa = PBXBuildFile; fileRef = 529B9A0218AFDFA5002BA7F1 /* RNFParametersParser.m */; };
		529B9A0518AFE076002BA7F1 /* RNFParametersParserTests.m in Sources */ = {isa = PBXBuildFile; fileRef = 529B9A0418AFE076002BA7F1 /* RNFParametersParserTests.m */; };
		52ABBAFA18AF8C7100446DB2 /* RNFJSONResponseDeserializer.m in Sources */ = {isa = PBXBuildFile; fileRef = 52ABBAF918AF8C7100446DB2 /* RNFJSONResponseDeserializer.m */; };
		52ABBAFD18AF8CD600446DB2 /* RNFJSONResponseDeserializerTests.m in Sources */ = {isa = PBXBuildFile; fileRef = 52ABBAFC18AF8CD600446DB2 /* RNFJSONResponseDeserializerTests.m */; };
		52B944A118AE99F3006BF402 /* NSMethodSignatureCategoryTests.m in Sources */ = {isa = PBXBuildFile; fileRef = 52B944A018AE99F3006BF402 /* NSMethodSignatureCategoryTests.m */; };
		52C8DF2E18A96A6100DBA94D /* RNFEndpointTests.m in Sources */ = {isa = PBXBuildFile; fileRef = 52C8DF2D18A96A6100DBA94D /* RNFEndpointTests.m */; };
		52F7A2A518A8191100378EFA /* RNFEndpointManagerTests.m in Sources */ = {isa = PBXBuildFile; fileRef = 52F7A2A418A8191100378EFA /* RNFEndpointManagerTests.m */; };
		52F8477218AD65900093A433 /* NSMethodSignature+OperateOnSelectors.m in Sources */ = {isa = PBXBuildFile; fileRef = 52F8477118AD65900093A433 /* NSMethodSignature+OperateOnSelectors.m */; };
		A4E3839118ACF82600AACB04 /* runtimeTest.plist in Resources */ = {isa = PBXBuildFile; fileRef = A4E3839018ACF82600AACB04 /* runtimeTest.plist */; };
/* End PBXBuildFile section */

/* Begin PBXContainerItemProxy section */
		5218573818A8182500D70786 /* PBXContainerItemProxy */ = {
			isa = PBXContainerItemProxy;
			containerPortal = 3B2CB5149BB2B52C779CE69A /* Project object */;
			proxyType = 1;
			remoteGlobalIDString = 3B2CB5AA59F80EEFFFB3FFDE;
			remoteInfo = RuntimeNetworkFoundation;
		};
/* End PBXContainerItemProxy section */

/* Begin PBXFileReference section */
		3B2CB0BD00D6F77F413E2749 /* UIKit.framework */ = {isa = PBXFileReference; lastKnownFileType = wrapper.framework; name = UIKit.framework; path = System/Library/Frameworks/UIKit.framework; sourceTree = SDKROOT; };
		3B2CB2240F80CE6BE87EDF18 /* RuntimeNetworkFoundation-Info.plist */ = {isa = PBXFileReference; lastKnownFileType = text.plist.info; path = "RuntimeNetworkFoundation-Info.plist"; sourceTree = "<group>"; };
		3B2CB500C66AF8C6D65BF5FA /* Foundation.framework */ = {isa = PBXFileReference; lastKnownFileType = wrapper.framework; name = Foundation.framework; path = System/Library/Frameworks/Foundation.framework; sourceTree = SDKROOT; };
		3B2CB645226B389478CA4D0C /* RNFAppDelegate.m */ = {isa = PBXFileReference; lastKnownFileType = sourcecode.c.objc; path = RNFAppDelegate.m; sourceTree = "<group>"; };
		3B2CB6C2A088A7A190B2B38B /* XCTest.framework */ = {isa = PBXFileReference; lastKnownFileType = wrapper.framework; name = XCTest.framework; path = Library/Frameworks/XCTest.framework; sourceTree = DEVELOPER_DIR; };
		3B2CB76D5914BB11036B3DF0 /* RuntimeNetworkFoundation-Prefix.pch */ = {isa = PBXFileReference; lastKnownFileType = sourcecode.c.h; path = "RuntimeNetworkFoundation-Prefix.pch"; sourceTree = "<group>"; };
		3B2CB85946B9C96E17DB2C85 /* main.m */ = {isa = PBXFileReference; lastKnownFileType = sourcecode.c.objc; path = main.m; sourceTree = "<group>"; };
		3B2CB920D518D89DFA704620 /* RuntimeNetworkFoundation.app */ = {isa = PBXFileReference; explicitFileType = wrapper.application; includeInIndex = 0; path = RuntimeNetworkFoundation.app; sourceTree = BUILT_PRODUCTS_DIR; };
		3B2CB93240FAA6CBCA190BE5 /* RNFAppDelegate.h */ = {isa = PBXFileReference; lastKnownFileType = sourcecode.c.h; path = RNFAppDelegate.h; sourceTree = "<group>"; };
		3B2CB93B3FCFEB1CDDA7FDE8 /* en */ = {isa = PBXFileReference; lastKnownFileType = text.plist.strings; name = en; path = en.lproj/InfoPlist.strings; sourceTree = "<group>"; };
		3B2CBB510FDDA0628EC4B825 /* Images.xcassets */ = {isa = PBXFileReference; lastKnownFileType = folder.assetcatalog; path = Images.xcassets; sourceTree = "<group>"; };
		3B2CBF27269CB87C24599AAF /* CoreGraphics.framework */ = {isa = PBXFileReference; lastKnownFileType = wrapper.framework; name = CoreGraphics.framework; path = System/Library/Frameworks/CoreGraphics.framework; sourceTree = SDKROOT; };
		44F2752C9E6942ADA0B0267B /* Pods.xcconfig */ = {isa = PBXFileReference; includeInIndex = 1; lastKnownFileType = text.xcconfig; name = Pods.xcconfig; path = Pods/Pods.xcconfig; sourceTree = "<group>"; };
		4D2AEE38A65E445A906C7D6B /* Pods-RuntimeNetworkFoundationTests.xcconfig */ = {isa = PBXFileReference; includeInIndex = 1; lastKnownFileType = text.xcconfig; name = "Pods-RuntimeNetworkFoundationTests.xcconfig"; path = "Pods/Pods-RuntimeNetworkFoundationTests.xcconfig"; sourceTree = "<group>"; };
		52080C6D18AC10D900EA9C32 /* sampleMisonfiguration.plist */ = {isa = PBXFileReference; fileEncoding = 4; lastKnownFileType = text.plist.xml; path = sampleMisonfiguration.plist; sourceTree = "<group>"; };
		52080C7018AC129400EA9C32 /* RNFTypes.h */ = {isa = PBXFileReference; fileEncoding = 4; lastKnownFileType = sourcecode.c.h; name = RNFTypes.h; path = RuntimeNetworkFoundation/RNFTypes.h; sourceTree = "<group>"; };
		52080C7118AC12FD00EA9C32 /* RNFEndpoint+test.h */ = {isa = PBXFileReference; fileEncoding = 4; lastKnownFileType = sourcecode.c.h; path = "RNFEndpoint+test.h"; sourceTree = "<group>"; };
		520A273B18AAC198000CF13B /* RNFMalformedConfiguration.h */ = {isa = PBXFileReference; fileEncoding = 4; lastKnownFileType = sourcecode.c.h; name = RNFMalformedConfiguration.h; path = RuntimeNetworkFoundation/Configurations/RNFMalformedConfiguration.h; sourceTree = "<group>"; };
		520A273C18AAC198000CF13B /* RNFMalformedConfiguration.m */ = {isa = PBXFileReference; fileEncoding = 4; lastKnownFileType = sourcecode.c.objc; name = RNFMalformedConfiguration.m; path = RuntimeNetworkFoundation/Configurations/RNFMalformedConfiguration.m; sourceTree = "<group>"; };
		521533EB18A976170082ACC9 /* sampleConfiguration.plist */ = {isa = PBXFileReference; fileEncoding = 4; lastKnownFileType = text.plist.xml; path = sampleConfiguration.plist; sourceTree = "<group>"; };
		5218571C18A7FA0900D70786 /* RNF.h */ = {isa = PBXFileReference; fileEncoding = 4; lastKnownFileType = sourcecode.c.h; name = RNF.h; path = RuntimeNetworkFoundation/RNF.h; sourceTree = "<group>"; };
		5218571D18A7FC0E00D70786 /* RNFEndpointManager.h */ = {isa = PBXFileReference; fileEncoding = 4; lastKnownFileType = sourcecode.c.h; name = RNFEndpointManager.h; path = RuntimeNetworkFoundation/RNFEndpointManager.h; sourceTree = "<group>"; };
		5218571E18A7FC0E00D70786 /* RNFEndpointManager.m */ = {isa = PBXFileReference; fileEncoding = 4; lastKnownFileType = sourcecode.c.objc; name = RNFEndpointManager.m; path = RuntimeNetworkFoundation/RNFEndpointManager.m; sourceTree = "<group>"; };
		5218572018A7FCD900D70786 /* RNFEndpoint.h */ = {isa = PBXFileReference; fileEncoding = 4; lastKnownFileType = sourcecode.c.h; name = RNFEndpoint.h; path = RuntimeNetworkFoundation/RNFEndpoint.h; sourceTree = "<group>"; };
		5218572118A7FCD900D70786 /* RNFEndpoint.m */ = {isa = PBXFileReference; fileEncoding = 4; lastKnownFileType = sourcecode.c.objc; name = RNFEndpoint.m; path = RuntimeNetworkFoundation/RNFEndpoint.m; sourceTree = "<group>"; };
		5218572B18A8182500D70786 /* RuntimeNetworkFoundationTests.xctest */ = {isa = PBXFileReference; explicitFileType = wrapper.cfbundle; includeInIndex = 0; path = RuntimeNetworkFoundationTests.xctest; sourceTree = BUILT_PRODUCTS_DIR; };
		5218573118A8182500D70786 /* RuntimeNetworkFoundationTests-Info.plist */ = {isa = PBXFileReference; lastKnownFileType = text.plist.xml; path = "RuntimeNetworkFoundationTests-Info.plist"; sourceTree = "<group>"; };
		5218573318A8182500D70786 /* en */ = {isa = PBXFileReference; lastKnownFileType = text.plist.strings; name = en; path = en.lproj/InfoPlist.strings; sourceTree = "<group>"; };
		5218573718A8182500D70786 /* RuntimeNetworkFoundationTests-Prefix.pch */ = {isa = PBXFileReference; lastKnownFileType = sourcecode.c.h; path = "RuntimeNetworkFoundationTests-Prefix.pch"; sourceTree = "<group>"; };
		5224681618A97F8B00124AE5 /* RNFBaseOperation.h */ = {isa = PBXFileReference; fileEncoding = 4; lastKnownFileType = sourcecode.c.h; name = RNFBaseOperation.h; path = RuntimeNetworkFoundation/Operations/RNFBaseOperation.h; sourceTree = "<group>"; };
		5224681718A97F8B00124AE5 /* RNFBaseOperation.m */ = {isa = PBXFileReference; fileEncoding = 4; lastKnownFileType = sourcecode.c.objc; name = RNFBaseOperation.m; path = RuntimeNetworkFoundation/Operations/RNFBaseOperation.m; sourceTree = "<group>"; };
		5224681918A97FA900124AE5 /* RNFConfigurationNotFound.h */ = {isa = PBXFileReference; fileEncoding = 4; lastKnownFileType = sourcecode.c.h; name = RNFConfigurationNotFound.h; path = RuntimeNetworkFoundation/ConfigurationLoaders/RNFConfigurationNotFound.h; sourceTree = "<group>"; };
		5224681A18A97FA900124AE5 /* RNFConfigurationNotFound.m */ = {isa = PBXFileReference; fileEncoding = 4; lastKnownFileType = sourcecode.c.objc; name = RNFConfigurationNotFound.m; path = RuntimeNetworkFoundation/ConfigurationLoaders/RNFConfigurationNotFound.m; sourceTree = "<group>"; };
		5224681B18A97FA900124AE5 /* RNFPlistConfigurationLoader.h */ = {isa = PBXFileReference; fileEncoding = 4; lastKnownFileType = sourcecode.c.h; name = RNFPlistConfigurationLoader.h; path = RuntimeNetworkFoundation/ConfigurationLoaders/RNFPlistConfigurationLoader.h; sourceTree = "<group>"; };
		5224681C18A97FA900124AE5 /* RNFPlistConfigurationLoader.m */ = {isa = PBXFileReference; fileEncoding = 4; lastKnownFileType = sourcecode.c.objc; name = RNFPlistConfigurationLoader.m; path = RuntimeNetworkFoundation/ConfigurationLoaders/RNFPlistConfigurationLoader.m; sourceTree = "<group>"; };
		5224681F18A97FC700124AE5 /* RNFCacheHandler.h */ = {isa = PBXFileReference; fileEncoding = 4; lastKnownFileType = sourcecode.c.h; name = RNFCacheHandler.h; path = RuntimeNetworkFoundation/Protocols/RNFCacheHandler.h; sourceTree = "<group>"; };
		5224682018A97FC700124AE5 /* RNFCacheStrategy.h */ = {isa = PBXFileReference; fileEncoding = 4; lastKnownFileType = sourcecode.c.h; name = RNFCacheStrategy.h; path = RuntimeNetworkFoundation/Protocols/RNFCacheStrategy.h; sourceTree = "<group>"; };
		5224682118A97FC700124AE5 /* RNFEndpointConfiguration.h */ = {isa = PBXFileReference; fileEncoding = 4; lastKnownFileType = sourcecode.c.h; name = RNFEndpointConfiguration.h; path = RuntimeNetworkFoundation/Protocols/RNFEndpointConfiguration.h; sourceTree = "<group>"; };
		5224682218A97FC700124AE5 /* RNFConfigurationLoader.h */ = {isa = PBXFileReference; fileEncoding = 4; lastKnownFileType = sourcecode.c.h; name = RNFConfigurationLoader.h; path = RuntimeNetworkFoundation/Protocols/RNFConfigurationLoader.h; sourceTree = "<group>"; };
		5224682318A97FC700124AE5 /* RNFDataDeserializer.h */ = {isa = PBXFileReference; fileEncoding = 4; lastKnownFileType = sourcecode.c.h; name = RNFDataDeserializer.h; path = RuntimeNetworkFoundation/Protocols/RNFDataDeserializer.h; sourceTree = "<group>"; };
		5224682418A97FC700124AE5 /* RNFDataSerializer.h */ = {isa = PBXFileReference; fileEncoding = 4; lastKnownFileType = sourcecode.c.h; name = RNFDataSerializer.h; path = RuntimeNetworkFoundation/Protocols/RNFDataSerializer.h; sourceTree = "<group>"; };
		5224682518A97FC700124AE5 /* RNFLogger.h */ = {isa = PBXFileReference; fileEncoding = 4; lastKnownFileType = sourcecode.c.h; name = RNFLogger.h; path = RuntimeNetworkFoundation/Protocols/RNFLogger.h; sourceTree = "<group>"; };
		5224682618A97FC700124AE5 /* RNFOperation.h */ = {isa = PBXFileReference; fileEncoding = 4; lastKnownFileType = sourcecode.c.h; name = RNFOperation.h; path = RuntimeNetworkFoundation/Protocols/RNFOperation.h; sourceTree = "<group>"; };
		5224682718A97FC700124AE5 /* RNFOperationQueue.h */ = {isa = PBXFileReference; fileEncoding = 4; lastKnownFileType = sourcecode.c.h; name = RNFOperationQueue.h; path = RuntimeNetworkFoundation/Protocols/RNFOperationQueue.h; sourceTree = "<group>"; };
		5224682818A97FC700124AE5 /* RNFRequestAuthentication.h */ = {isa = PBXFileReference; fileEncoding = 4; lastKnownFileType = sourcecode.c.h; name = RNFRequestAuthentication.h; path = RuntimeNetworkFoundation/Protocols/RNFRequestAuthentication.h; sourceTree = "<group>"; };
		5224682918A97FC700124AE5 /* RNFResponseDeserializer.h */ = {isa = PBXFileReference; fileEncoding = 4; lastKnownFileType = sourcecode.c.h; name = RNFResponseDeserializer.h; path = RuntimeNetworkFoundation/Protocols/RNFResponseDeserializer.h; sourceTree = "<group>"; };
		5224682A18A97FC700124AE5 /* RNFSerializable.h */ = {isa = PBXFileReference; fileEncoding = 4; lastKnownFileType = sourcecode.c.h; name = RNFSerializable.h; path = RuntimeNetworkFoundation/Protocols/RNFSerializable.h; sourceTree = "<group>"; };
		52356CB318AFDB9E00587086 /* NSArray+Blocks.h */ = {isa = PBXFileReference; fileEncoding = 4; lastKnownFileType = sourcecode.c.h; name = "NSArray+Blocks.h"; path = "RuntimeNetworkFoundation/Categories/NSArray+Blocks.h"; sourceTree = "<group>"; };
		52356CB418AFDB9E00587086 /* NSArray+Blocks.m */ = {isa = PBXFileReference; fileEncoding = 4; lastKnownFileType = sourcecode.c.objc; name = "NSArray+Blocks.m"; path = "RuntimeNetworkFoundation/Categories/NSArray+Blocks.m"; sourceTree = "<group>"; };
		52356CB718AFDC6600587086 /* NSArrayCategoryTests.m */ = {isa = PBXFileReference; fileEncoding = 4; lastKnownFileType = sourcecode.c.objc; path = NSArrayCategoryTests.m; sourceTree = "<group>"; };
		5241F87A18AE95A500F7DDB9 /* RNFDictionaryOperationConfigurationTests.m */ = {isa = PBXFileReference; fileEncoding = 4; lastKnownFileType = sourcecode.c.objc; path = RNFDictionaryOperationConfigurationTests.m; sourceTree = "<group>"; };
		5265081818AFEAE600DC7045 /* RNFParametersParserError.h */ = {isa = PBXFileReference; fileEncoding = 4; lastKnownFileType = sourcecode.c.h; name = RNFParametersParserError.h; path = RuntimeNetworkFoundation/RNFParametersParserError.h; sourceTree = "<group>"; };
		5265081918AFEAE600DC7045 /* RNFParametersParserError.m */ = {isa = PBXFileReference; fileEncoding = 4; lastKnownFileType = sourcecode.c.objc; name = RNFParametersParserError.m; path = RuntimeNetworkFoundation/RNFParametersParserError.m; sourceTree = "<group>"; };
		526935B518AC0F620082111D /* RNFPlistConfigurationLoaderTests.m */ = {isa = PBXFileReference; fileEncoding = 4; lastKnownFileType = sourcecode.c.objc; path = RNFPlistConfigurationLoaderTests.m; sourceTree = "<group>"; };
		526B53CE18AD6C9E00CAC6EC /* RNFOperationSerializer.h */ = {isa = PBXFileReference; fileEncoding = 4; lastKnownFileType = sourcecode.c.h; name = RNFOperationSerializer.h; path = RuntimeNetworkFoundation/Protocols/RNFOperationSerializer.h; sourceTree = "<group>"; };
		526B53CF18AD6EAB00CAC6EC /* RNFOperationConfiguration.h */ = {isa = PBXFileReference; fileEncoding = 4; lastKnownFileType = sourcecode.c.h; name = RNFOperationConfiguration.h; path = RuntimeNetworkFoundation/Protocols/RNFOperationConfiguration.h; sourceTree = "<group>"; };
		5280FC4E18ABF71900835D48 /* RNFBaseEndpointConfigurationTests.m */ = {isa = PBXFileReference; fileEncoding = 4; lastKnownFileType = sourcecode.c.objc; path = RNFBaseEndpointConfigurationTests.m; sourceTree = "<group>"; };
		5280FC5018ABF9B100835D48 /* RNFDictionaryEndpointConfigurationTests.m */ = {isa = PBXFileReference; fileEncoding = 4; lastKnownFileType = sourcecode.c.objc; path = RNFDictionaryEndpointConfigurationTests.m; sourceTree = "<group>"; };
		52815F1518AAA51000A629C4 /* RNFValueTransformer.h */ = {isa = PBXFileReference; fileEncoding = 4; lastKnownFileType = sourcecode.c.h; name = RNFValueTransformer.h; path = RuntimeNetworkFoundation/Protocols/RNFValueTransformer.h; sourceTree = "<group>"; };
		5285650418AD6FE000CA9E46 /* RNFBaseEndpointConfiguration.h */ = {isa = PBXFileReference; fileEncoding = 4; lastKnownFileType = sourcecode.c.h; name = RNFBaseEndpointConfiguration.h; path = RuntimeNetworkFoundation/Configurations/Endpoint/RNFBaseEndpointConfiguration.h; sourceTree = "<group>"; };
		5285650518AD6FE000CA9E46 /* RNFBaseEndpointConfiguration.m */ = {isa = PBXFileReference; fileEncoding = 4; lastKnownFileType = sourcecode.c.objc; name = RNFBaseEndpointConfiguration.m; path = RuntimeNetworkFoundation/Configurations/Endpoint/RNFBaseEndpointConfiguration.m; sourceTree = "<group>"; };
		5285650618AD6FE000CA9E46 /* RNFDictionaryEndpointConfiguration.h */ = {isa = PBXFileReference; fileEncoding = 4; lastKnownFileType = sourcecode.c.h; name = RNFDictionaryEndpointConfiguration.h; path = RuntimeNetworkFoundation/Configurations/Endpoint/RNFDictionaryEndpointConfiguration.h; sourceTree = "<group>"; };
		5285650718AD6FE000CA9E46 /* RNFDictionaryEndpointConfiguration.m */ = {isa = PBXFileReference; fileEncoding = 4; lastKnownFileType = sourcecode.c.objc; name = RNFDictionaryEndpointConfiguration.m; path = RuntimeNetworkFoundation/Configurations/Endpoint/RNFDictionaryEndpointConfiguration.m; sourceTree = "<group>"; };
		5285650B18AD6FF800CA9E46 /* RNFBaseOperationConfiguration.h */ = {isa = PBXFileReference; fileEncoding = 4; lastKnownFileType = sourcecode.c.h; name = RNFBaseOperationConfiguration.h; path = RuntimeNetworkFoundation/Configurations/Operation/RNFBaseOperationConfiguration.h; sourceTree = "<group>"; };
		5285650C18AD6FF800CA9E46 /* RNFBaseOperationConfiguration.m */ = {isa = PBXFileReference; fileEncoding = 4; lastKnownFileType = sourcecode.c.objc; name = RNFBaseOperationConfiguration.m; path = RuntimeNetworkFoundation/Configurations/Operation/RNFBaseOperationConfiguration.m; sourceTree = "<group>"; };
		5285650E18AD70CA00CA9E46 /* RNFDictionaryOperationConfiguration.h */ = {isa = PBXFileReference; fileEncoding = 4; lastKnownFileType = sourcecode.c.h; name = RNFDictionaryOperationConfiguration.h; path = RuntimeNetworkFoundation/Configurations/Operation/RNFDictionaryOperationConfiguration.h; sourceTree = "<group>"; };
		5285650F18AD70CA00CA9E46 /* RNFDictionaryOperationConfiguration.m */ = {isa = PBXFileReference; fileEncoding = 4; lastKnownFileType = sourcecode.c.objc; name = RNFDictionaryOperationConfiguration.m; path = RuntimeNetworkFoundation/Configurations/Operation/RNFDictionaryOperationConfiguration.m; sourceTree = "<group>"; };
		528AA5B018AE911F00A07294 /* RNFBaseOperationConfigurationTests.m */ = {isa = PBXFileReference; fileEncoding = 4; lastKnownFileType = sourcecode.c.objc; path = RNFBaseOperationConfigurationTests.m; sourceTree = "<group>"; };
		529B9A0118AFDFA5002BA7F1 /* RNFParametersParser.h */ = {isa = PBXFileReference; fileEncoding = 4; lastKnownFileType = sourcecode.c.h; name = RNFParametersParser.h; path = RuntimeNetworkFoundation/RNFParametersParser.h; sourceTree = "<group>"; };
		529B9A0218AFDFA5002BA7F1 /* RNFParametersParser.m */ = {isa = PBXFileReference; fileEncoding = 4; lastKnownFileType = sourcecode.c.objc; name = RNFParametersParser.m; path = RuntimeNetworkFoundation/RNFParametersParser.m; sourceTree = "<group>"; };
		529B9A0418AFE076002BA7F1 /* RNFParametersParserTests.m */ = {isa = PBXFileReference; fileEncoding = 4; lastKnownFileType = sourcecode.c.objc; path = RNFParametersParserTests.m; sourceTree = "<group>"; };
		52ABBAF818AF8C7100446DB2 /* RNFJSONResponseDeserializer.h */ = {isa = PBXFileReference; fileEncoding = 4; lastKnownFileType = sourcecode.c.h; name = RNFJSONResponseDeserializer.h; path = RuntimeNetworkFoundation/ResponseDeserializers/RNFJSONResponseDeserializer.h; sourceTree = "<group>"; };
		52ABBAF918AF8C7100446DB2 /* RNFJSONResponseDeserializer.m */ = {isa = PBXFileReference; fileEncoding = 4; lastKnownFileType = sourcecode.c.objc; name = RNFJSONResponseDeserializer.m; path = RuntimeNetworkFoundation/ResponseDeserializers/RNFJSONResponseDeserializer.m; sourceTree = "<group>"; };
		52ABBAFC18AF8CD600446DB2 /* RNFJSONResponseDeserializerTests.m */ = {isa = PBXFileReference; fileEncoding = 4; lastKnownFileType = sourcecode.c.objc; path = RNFJSONResponseDeserializerTests.m; sourceTree = "<group>"; };
		52B944A018AE99F3006BF402 /* NSMethodSignatureCategoryTests.m */ = {isa = PBXFileReference; fileEncoding = 4; lastKnownFileType = sourcecode.c.objc; path = NSMethodSignatureCategoryTests.m; sourceTree = "<group>"; };
		52C8DF2D18A96A6100DBA94D /* RNFEndpointTests.m */ = {isa = PBXFileReference; fileEncoding = 4; lastKnownFileType = sourcecode.c.objc; path = RNFEndpointTests.m; sourceTree = "<group>"; };
		52F7A2A418A8191100378EFA /* RNFEndpointManagerTests.m */ = {isa = PBXFileReference; fileEncoding = 4; lastKnownFileType = sourcecode.c.objc; path = RNFEndpointManagerTests.m; sourceTree = "<group>"; };
		52F8477018AD65900093A433 /* NSMethodSignature+OperateOnSelectors.h */ = {isa = PBXFileReference; fileEncoding = 4; lastKnownFileType = sourcecode.c.h; name = "NSMethodSignature+OperateOnSelectors.h"; path = "RuntimeNetworkFoundation/Categories/NSMethodSignature+OperateOnSelectors.h"; sourceTree = "<group>"; };
		52F8477118AD65900093A433 /* NSMethodSignature+OperateOnSelectors.m */ = {isa = PBXFileReference; fileEncoding = 4; lastKnownFileType = sourcecode.c.objc; name = "NSMethodSignature+OperateOnSelectors.m"; path = "RuntimeNetworkFoundation/Categories/NSMethodSignature+OperateOnSelectors.m"; sourceTree = "<group>"; };
		5D12B31D577645C0BB2AB9D7 /* libPods-RuntimeNetworkFoundationTests.a */ = {isa = PBXFileReference; explicitFileType = archive.ar; includeInIndex = 0; path = "libPods-RuntimeNetworkFoundationTests.a"; sourceTree = BUILT_PRODUCTS_DIR; };
		A4E3839018ACF82600AACB04 /* runtimeTest.plist */ = {isa = PBXFileReference; fileEncoding = 4; lastKnownFileType = text.plist.xml; path = runtimeTest.plist; sourceTree = "<group>"; };
		E4BD02A68E494F6CADDF1672 /* libPods.a */ = {isa = PBXFileReference; explicitFileType = archive.ar; includeInIndex = 0; path = libPods.a; sourceTree = BUILT_PRODUCTS_DIR; };
/* End PBXFileReference section */

/* Begin PBXFrameworksBuildPhase section */
		3B2CB0F820D93AD843F11CB0 /* Frameworks */ = {
			isa = PBXFrameworksBuildPhase;
			buildActionMask = 2147483647;
			files = (
				3B2CBB1125738BA8B6120E32 /* Foundation.framework in Frameworks */,
				3B2CB800BF850D772357B0D3 /* CoreGraphics.framework in Frameworks */,
				3B2CB55E6BFD83D8838B376A /* UIKit.framework in Frameworks */,
				2D3D0176FE874C5DBD4C46AC /* libPods.a in Frameworks */,
			);
			runOnlyForDeploymentPostprocessing = 0;
		};
		5218572818A8182500D70786 /* Frameworks */ = {
			isa = PBXFrameworksBuildPhase;
			buildActionMask = 2147483647;
			files = (
				5218572C18A8182500D70786 /* XCTest.framework in Frameworks */,
				5218572E18A8182500D70786 /* UIKit.framework in Frameworks */,
				5218572D18A8182500D70786 /* Foundation.framework in Frameworks */,
				105957FCD2AB4AD6AB8E34D5 /* libPods-RuntimeNetworkFoundationTests.a in Frameworks */,
			);
			runOnlyForDeploymentPostprocessing = 0;
		};
/* End PBXFrameworksBuildPhase section */

/* Begin PBXGroup section */
		3B2CB16DF384C66BF80A5995 /* Products */ = {
			isa = PBXGroup;
			children = (
				3B2CB920D518D89DFA704620 /* RuntimeNetworkFoundation.app */,
				5218572B18A8182500D70786 /* RuntimeNetworkFoundationTests.xctest */,
			);
			name = Products;
			sourceTree = "<group>";
		};
		3B2CB5F9CDD4FA280D6F466A = {
			isa = PBXGroup;
			children = (
				5218572F18A8182500D70786 /* RuntimeNetworkFoundationTests */,
				3B2CB16DF384C66BF80A5995 /* Products */,
				3B2CBAABFCA1C60A9EA9F24C /* Frameworks */,
				3B2CB705FA00B52601EEE499 /* RuntimeNetworkFoundation */,
				44F2752C9E6942ADA0B0267B /* Pods.xcconfig */,
				4D2AEE38A65E445A906C7D6B /* Pods-RuntimeNetworkFoundationTests.xcconfig */,
			);
			sourceTree = "<group>";
		};
		3B2CB606359205BD01E0F4ED /* Supporting Files */ = {
			isa = PBXGroup;
			children = (
				3B2CB2240F80CE6BE87EDF18 /* RuntimeNetworkFoundation-Info.plist */,
				3B2CB0DC25BDC06782C5BB14 /* InfoPlist.strings */,
				3B2CB85946B9C96E17DB2C85 /* main.m */,
				3B2CB76D5914BB11036B3DF0 /* RuntimeNetworkFoundation-Prefix.pch */,
			);
			name = "Supporting Files";
			sourceTree = "<group>";
		};
		3B2CB705FA00B52601EEE499 /* RuntimeNetworkFoundation */ = {
			isa = PBXGroup;
			children = (
				5218570B18A7F98100D70786 /* RNF */,
				3B2CB606359205BD01E0F4ED /* Supporting Files */,
				3B2CB93240FAA6CBCA190BE5 /* RNFAppDelegate.h */,
				3B2CB645226B389478CA4D0C /* RNFAppDelegate.m */,
				A4E3839018ACF82600AACB04 /* runtimeTest.plist */,
				3B2CBB510FDDA0628EC4B825 /* Images.xcassets */,
				52080C7118AC12FD00EA9C32 /* RNFEndpoint+test.h */,
			);
			path = RuntimeNetworkFoundation;
			sourceTree = "<group>";
		};
		3B2CBAABFCA1C60A9EA9F24C /* Frameworks */ = {
			isa = PBXGroup;
			children = (
				3B2CB500C66AF8C6D65BF5FA /* Foundation.framework */,
				3B2CBF27269CB87C24599AAF /* CoreGraphics.framework */,
				3B2CB0BD00D6F77F413E2749 /* UIKit.framework */,
				3B2CB6C2A088A7A190B2B38B /* XCTest.framework */,
				E4BD02A68E494F6CADDF1672 /* libPods.a */,
				5D12B31D577645C0BB2AB9D7 /* libPods-RuntimeNetworkFoundationTests.a */,
			);
			name = Frameworks;
			sourceTree = "<group>";
		};
		5218570B18A7F98100D70786 /* RNF */ = {
			isa = PBXGroup;
			children = (
				52ABBAF718AF8C5800446DB2 /* ResponseDeserializers */,
				52F8476F18AD65750093A433 /* Categories */,
				5224681218A97F4900124AE5 /* Configurations */,
				5224681118A97F4100124AE5 /* Operations */,
				5224681018A97F2D00124AE5 /* ConfigurationLoaders */,
				52C8DF2C18A9683E00DBA94D /* Protocols */,
				5218571C18A7FA0900D70786 /* RNF.h */,
				5218571D18A7FC0E00D70786 /* RNFEndpointManager.h */,
				5218571E18A7FC0E00D70786 /* RNFEndpointManager.m */,
				5218572018A7FCD900D70786 /* RNFEndpoint.h */,
				5218572118A7FCD900D70786 /* RNFEndpoint.m */,
				52080C7018AC129400EA9C32 /* RNFTypes.h */,
				529B9A0118AFDFA5002BA7F1 /* RNFParametersParser.h */,
				529B9A0218AFDFA5002BA7F1 /* RNFParametersParser.m */,
				5265081818AFEAE600DC7045 /* RNFParametersParserError.h */,
				5265081918AFEAE600DC7045 /* RNFParametersParserError.m */,
			);
			name = RNF;
			sourceTree = "<group>";
		};
		5218572F18A8182500D70786 /* RuntimeNetworkFoundationTests */ = {
			isa = PBXGroup;
			children = (
				52356CB618AFDC5500587086 /* Categories */,
				52ABBAFB18AF8CC600446DB2 /* ResponseDeserializers */,
				526935B318AC0F3D0082111D /* Configurations */,
				526935B418AC0F430082111D /* ConfigurationLoaders */,
				5218573018A8182500D70786 /* Supporting Files */,
				52F7A2A418A8191100378EFA /* RNFEndpointManagerTests.m */,
				52C8DF2D18A96A6100DBA94D /* RNFEndpointTests.m */,
				529B9A0418AFE076002BA7F1 /* RNFParametersParserTests.m */,
				521533EB18A976170082ACC9 /* sampleConfiguration.plist */,
				52080C6D18AC10D900EA9C32 /* sampleMisonfiguration.plist */,
			);
			path = RuntimeNetworkFoundationTests;
			sourceTree = "<group>";
		};
		5218573018A8182500D70786 /* Supporting Files */ = {
			isa = PBXGroup;
			children = (
				5218573118A8182500D70786 /* RuntimeNetworkFoundationTests-Info.plist */,
				5218573218A8182500D70786 /* InfoPlist.strings */,
				5218573718A8182500D70786 /* RuntimeNetworkFoundationTests-Prefix.pch */,
			);
			name = "Supporting Files";
			sourceTree = "<group>";
		};
		5224681018A97F2D00124AE5 /* ConfigurationLoaders */ = {
			isa = PBXGroup;
			children = (
				5224681918A97FA900124AE5 /* RNFConfigurationNotFound.h */,
				5224681A18A97FA900124AE5 /* RNFConfigurationNotFound.m */,
				5224681B18A97FA900124AE5 /* RNFPlistConfigurationLoader.h */,
				5224681C18A97FA900124AE5 /* RNFPlistConfigurationLoader.m */,
			);
			name = ConfigurationLoaders;
			sourceTree = "<group>";
		};
		5224681118A97F4100124AE5 /* Operations */ = {
			isa = PBXGroup;
			children = (
				5224681618A97F8B00124AE5 /* RNFBaseOperation.h */,
				5224681718A97F8B00124AE5 /* RNFBaseOperation.m */,
			);
			name = Operations;
			sourceTree = "<group>";
		};
		5224681218A97F4900124AE5 /* Configurations */ = {
			isa = PBXGroup;
			children = (
				5285650A18AD6FE500CA9E46 /* Operation */,
				5285650318AD6FC100CA9E46 /* Endpoint */,
				520A273B18AAC198000CF13B /* RNFMalformedConfiguration.h */,
				520A273C18AAC198000CF13B /* RNFMalformedConfiguration.m */,
			);
			name = Configurations;
			sourceTree = "<group>";
		};
		52356CB618AFDC5500587086 /* Categories */ = {
			isa = PBXGroup;
			children = (
				52B944A018AE99F3006BF402 /* NSMethodSignatureCategoryTests.m */,
				52356CB718AFDC6600587086 /* NSArrayCategoryTests.m */,
			);
			name = Categories;
			sourceTree = "<group>";
		};
		526935B318AC0F3D0082111D /* Configurations */ = {
			isa = PBXGroup;
			children = (
				5280FC4E18ABF71900835D48 /* RNFBaseEndpointConfigurationTests.m */,
				5280FC5018ABF9B100835D48 /* RNFDictionaryEndpointConfigurationTests.m */,
				528AA5B018AE911F00A07294 /* RNFBaseOperationConfigurationTests.m */,
				5241F87A18AE95A500F7DDB9 /* RNFDictionaryOperationConfigurationTests.m */,
			);
			name = Configurations;
			sourceTree = "<group>";
		};
		526935B418AC0F430082111D /* ConfigurationLoaders */ = {
			isa = PBXGroup;
			children = (
				526935B518AC0F620082111D /* RNFPlistConfigurationLoaderTests.m */,
			);
			name = ConfigurationLoaders;
			sourceTree = "<group>";
		};
		5285650318AD6FC100CA9E46 /* Endpoint */ = {
			isa = PBXGroup;
			children = (
				5285650418AD6FE000CA9E46 /* RNFBaseEndpointConfiguration.h */,
				5285650518AD6FE000CA9E46 /* RNFBaseEndpointConfiguration.m */,
				5285650618AD6FE000CA9E46 /* RNFDictionaryEndpointConfiguration.h */,
				5285650718AD6FE000CA9E46 /* RNFDictionaryEndpointConfiguration.m */,
			);
			name = Endpoint;
			sourceTree = "<group>";
		};
		5285650A18AD6FE500CA9E46 /* Operation */ = {
			isa = PBXGroup;
			children = (
				5285650B18AD6FF800CA9E46 /* RNFBaseOperationConfiguration.h */,
				5285650C18AD6FF800CA9E46 /* RNFBaseOperationConfiguration.m */,
				5285650E18AD70CA00CA9E46 /* RNFDictionaryOperationConfiguration.h */,
				5285650F18AD70CA00CA9E46 /* RNFDictionaryOperationConfiguration.m */,
			);
			name = Operation;
			sourceTree = "<group>";
		};
		52ABBAF718AF8C5800446DB2 /* ResponseDeserializers */ = {
			isa = PBXGroup;
			children = (
				52ABBAF818AF8C7100446DB2 /* RNFJSONResponseDeserializer.h */,
				52ABBAF918AF8C7100446DB2 /* RNFJSONResponseDeserializer.m */,
			);
			name = ResponseDeserializers;
			sourceTree = "<group>";
		};
		52ABBAFB18AF8CC600446DB2 /* ResponseDeserializers */ = {
			isa = PBXGroup;
			children = (
				52ABBAFC18AF8CD600446DB2 /* RNFJSONResponseDeserializerTests.m */,
			);
			name = ResponseDeserializers;
			sourceTree = "<group>";
		};
		52C8DF2C18A9683E00DBA94D /* Protocols */ = {
			isa = PBXGroup;
			children = (
				5224681F18A97FC700124AE5 /* RNFCacheHandler.h */,
				5224682018A97FC700124AE5 /* RNFCacheStrategy.h */,
				5224682118A97FC700124AE5 /* RNFEndpointConfiguration.h */,
				5224682218A97FC700124AE5 /* RNFConfigurationLoader.h */,
				5224682318A97FC700124AE5 /* RNFDataDeserializer.h */,
				5224682418A97FC700124AE5 /* RNFDataSerializer.h */,
				5224682518A97FC700124AE5 /* RNFLogger.h */,
				5224682618A97FC700124AE5 /* RNFOperation.h */,
				5224682718A97FC700124AE5 /* RNFOperationQueue.h */,
				5224682818A97FC700124AE5 /* RNFRequestAuthentication.h */,
				5224682918A97FC700124AE5 /* RNFResponseDeserializer.h */,
				5224682A18A97FC700124AE5 /* RNFSerializable.h */,
				52815F1518AAA51000A629C4 /* RNFValueTransformer.h */,
				526B53CE18AD6C9E00CAC6EC /* RNFOperationSerializer.h */,
				526B53CF18AD6EAB00CAC6EC /* RNFOperationConfiguration.h */,
			);
			name = Protocols;
			sourceTree = "<group>";
		};
		52F8476F18AD65750093A433 /* Categories */ = {
			isa = PBXGroup;
			children = (
				52F8477018AD65900093A433 /* NSMethodSignature+OperateOnSelectors.h */,
				52F8477118AD65900093A433 /* NSMethodSignature+OperateOnSelectors.m */,
				52356CB318AFDB9E00587086 /* NSArray+Blocks.h */,
				52356CB418AFDB9E00587086 /* NSArray+Blocks.m */,
			);
			name = Categories;
			sourceTree = "<group>";
		};
/* End PBXGroup section */

/* Begin PBXNativeTarget section */
		3B2CB5AA59F80EEFFFB3FFDE /* RuntimeNetworkFoundation */ = {
			isa = PBXNativeTarget;
			buildConfigurationList = 3B2CB13BA1C45C4D25368F26 /* Build configuration list for PBXNativeTarget "RuntimeNetworkFoundation" */;
			buildPhases = (
				BC46B72021C9486BAFBB9F11 /* Check Pods Manifest.lock */,
				3B2CB8A7005A3EBFDC635B4A /* Sources */,
				3B2CB0F820D93AD843F11CB0 /* Frameworks */,
				3B2CB0186ABDAD2BCE175041 /* Resources */,
				60A48877BBC747F99AB8B6F9 /* Copy Pods Resources */,
			);
			buildRules = (
			);
			dependencies = (
			);
			name = RuntimeNetworkFoundation;
			productName = RuntimeNetworkFoundation;
			productReference = 3B2CB920D518D89DFA704620 /* RuntimeNetworkFoundation.app */;
			productType = "com.apple.product-type.application";
		};
		5218572A18A8182500D70786 /* RuntimeNetworkFoundationTests */ = {
			isa = PBXNativeTarget;
			buildConfigurationList = 5218573A18A8182500D70786 /* Build configuration list for PBXNativeTarget "RuntimeNetworkFoundationTests" */;
			buildPhases = (
				2C0E5F03ACD54A7EA6A2CA90 /* Check Pods Manifest.lock */,
				5218572718A8182500D70786 /* Sources */,
				5218572818A8182500D70786 /* Frameworks */,
				5218572918A8182500D70786 /* Resources */,
				5A45627D428D412EBC157FF6 /* Copy Pods Resources */,
			);
			buildRules = (
			);
			dependencies = (
				5218573918A8182500D70786 /* PBXTargetDependency */,
			);
			name = RuntimeNetworkFoundationTests;
			productName = RuntimeNetworkFoundationTests;
			productReference = 5218572B18A8182500D70786 /* RuntimeNetworkFoundationTests.xctest */;
			productType = "com.apple.product-type.bundle.unit-test";
		};
/* End PBXNativeTarget section */

/* Begin PBXProject section */
		3B2CB5149BB2B52C779CE69A /* Project object */ = {
			isa = PBXProject;
			attributes = {
				LastUpgradeCheck = 0500;
				ORGANIZATIONNAME = "Vittorio Monaco";
				TargetAttributes = {
					5218572A18A8182500D70786 = {
						TestTargetID = 3B2CB5AA59F80EEFFFB3FFDE;
					};
				};
			};
			buildConfigurationList = 3B2CBB43A0C993A8B5684B7E /* Build configuration list for PBXProject "RuntimeNetworkFoundation" */;
			compatibilityVersion = "Xcode 3.2";
			developmentRegion = English;
			hasScannedForEncodings = 0;
			knownRegions = (
				en,
			);
			mainGroup = 3B2CB5F9CDD4FA280D6F466A;
			productRefGroup = 3B2CB16DF384C66BF80A5995 /* Products */;
			projectDirPath = "";
			projectRoot = "";
			targets = (
				3B2CB5AA59F80EEFFFB3FFDE /* RuntimeNetworkFoundation */,
				5218572A18A8182500D70786 /* RuntimeNetworkFoundationTests */,
				526B53C918AD6B9400CAC6EC /* Documentation */,
			);
		};
/* End PBXProject section */

/* Begin PBXResourcesBuildPhase section */
		3B2CB0186ABDAD2BCE175041 /* Resources */ = {
			isa = PBXResourcesBuildPhase;
			buildActionMask = 2147483647;
			files = (
				3B2CB31A9B65EE688B170F0D /* InfoPlist.strings in Resources */,
				52080C6E18AC10D900EA9C32 /* sampleMisonfiguration.plist in Resources */,
				3B2CB7EB616E1016DC961DC3 /* Images.xcassets in Resources */,
				A4E3839118ACF82600AACB04 /* runtimeTest.plist in Resources */,
				527FBE5A18A97B5E009959E7 /* sampleConfiguration.plist in Resources */,
			);
			runOnlyForDeploymentPostprocessing = 0;
		};
		5218572918A8182500D70786 /* Resources */ = {
			isa = PBXResourcesBuildPhase;
			buildActionMask = 2147483647;
			files = (
				5218573418A8182500D70786 /* InfoPlist.strings in Resources */,
				52080C6F18AC10D900EA9C32 /* sampleMisonfiguration.plist in Resources */,
				521533EC18A976170082ACC9 /* sampleConfiguration.plist in Resources */,
			);
			runOnlyForDeploymentPostprocessing = 0;
		};
/* End PBXResourcesBuildPhase section */

/* Begin PBXShellScriptBuildPhase section */
		2C0E5F03ACD54A7EA6A2CA90 /* Check Pods Manifest.lock */ = {
			isa = PBXShellScriptBuildPhase;
			buildActionMask = 2147483647;
			files = (
			);
			inputPaths = (
			);
			name = "Check Pods Manifest.lock";
			outputPaths = (
			);
			runOnlyForDeploymentPostprocessing = 0;
			shellPath = /bin/sh;
			shellScript = "diff \"${PODS_ROOT}/../Podfile.lock\" \"${PODS_ROOT}/Manifest.lock\" > /dev/null\nif [[ $? != 0 ]] ; then\n    cat << EOM\nerror: The sandbox is not in sync with the Podfile.lock. Run 'pod install' or update your CocoaPods installation.\nEOM\n    exit 1\nfi\n";
			showEnvVarsInLog = 0;
		};
		526B53CD18AD6B9B00CAC6EC /* ShellScript */ = {
			isa = PBXShellScriptBuildPhase;
			buildActionMask = 2147483647;
			files = (
			);
			inputPaths = (
			);
			outputPaths = (
			);
			runOnlyForDeploymentPostprocessing = 0;
			shellPath = /bin/sh;
			shellScript = "/usr/local/bin/appledoc \\\n--project-name RuntimeNetworkFoundation \\\n--project-company \"Vittorio Monaco\" \\\n--company-id it.vittoriomonaco \\\n--keep-undocumented-objects \\\n--keep-undocumented-members \\\n--search-undocumented-doc \\\n--exit-threshold 2 \\\n--ignore .m \\\n--output \"AppleDoc\" .";
		};
		5A45627D428D412EBC157FF6 /* Copy Pods Resources */ = {
			isa = PBXShellScriptBuildPhase;
			buildActionMask = 2147483647;
			files = (
			);
			inputPaths = (
			);
			name = "Copy Pods Resources";
			outputPaths = (
			);
			runOnlyForDeploymentPostprocessing = 0;
			shellPath = /bin/sh;
			shellScript = "\"${SRCROOT}/Pods/Pods-RuntimeNetworkFoundationTests-resources.sh\"\n";
			showEnvVarsInLog = 0;
		};
		60A48877BBC747F99AB8B6F9 /* Copy Pods Resources */ = {
			isa = PBXShellScriptBuildPhase;
			buildActionMask = 2147483647;
			files = (
			);
			inputPaths = (
			);
			name = "Copy Pods Resources";
			outputPaths = (
			);
			runOnlyForDeploymentPostprocessing = 0;
			shellPath = /bin/sh;
			shellScript = "\"${SRCROOT}/Pods/Pods-resources.sh\"\n";
			showEnvVarsInLog = 0;
		};
		BC46B72021C9486BAFBB9F11 /* Check Pods Manifest.lock */ = {
			isa = PBXShellScriptBuildPhase;
			buildActionMask = 2147483647;
			files = (
			);
			inputPaths = (
			);
			name = "Check Pods Manifest.lock";
			outputPaths = (
			);
			runOnlyForDeploymentPostprocessing = 0;
			shellPath = /bin/sh;
			shellScript = "diff \"${PODS_ROOT}/../Podfile.lock\" \"${PODS_ROOT}/Manifest.lock\" > /dev/null\nif [[ $? != 0 ]] ; then\n    cat << EOM\nerror: The sandbox is not in sync with the Podfile.lock. Run 'pod install' or update your CocoaPods installation.\nEOM\n    exit 1\nfi\n";
			showEnvVarsInLog = 0;
		};
/* End PBXShellScriptBuildPhase section */

/* Begin PBXSourcesBuildPhase section */
		3B2CB8A7005A3EBFDC635B4A /* Sources */ = {
			isa = PBXSourcesBuildPhase;
			buildActionMask = 2147483647;
			files = (
				3B2CB77292CEBF074041F767 /* main.m in Sources */,
				5224681E18A97FA900124AE5 /* RNFPlistConfigurationLoader.m in Sources */,
				5265081A18AFEAE600DC7045 /* RNFParametersParserError.m in Sources */,
				520A273D18AAC198000CF13B /* RNFMalformedConfiguration.m in Sources */,
				5285651018AD70CA00CA9E46 /* RNFDictionaryOperationConfiguration.m in Sources */,
				3B2CB38A6D148F8F07939136 /* RNFAppDelegate.m in Sources */,
				5285650D18AD6FF800CA9E46 /* RNFBaseOperationConfiguration.m in Sources */,
				52F8477218AD65900093A433 /* NSMethodSignature+OperateOnSelectors.m in Sources */,
				529B9A0318AFDFA5002BA7F1 /* RNFParametersParser.m in Sources */,
				52356CB518AFDB9E00587086 /* NSArray+Blocks.m in Sources */,
				5285650818AD6FE000CA9E46 /* RNFBaseEndpointConfiguration.m in Sources */,
				5224681D18A97FA900124AE5 /* RNFConfigurationNotFound.m in Sources */,
				5285650918AD6FE000CA9E46 /* RNFDictionaryEndpointConfiguration.m in Sources */,
				52ABBAFA18AF8C7100446DB2 /* RNFJSONResponseDeserializer.m in Sources */,
				5224681818A97F8B00124AE5 /* RNFBaseOperation.m in Sources */,
				5218571F18A7FC0E00D70786 /* RNFEndpointManager.m in Sources */,
				5218572218A7FCD900D70786 /* RNFEndpoint.m in Sources */,
			);
			runOnlyForDeploymentPostprocessing = 0;
		};
		5218572718A8182500D70786 /* Sources */ = {
			isa = PBXSourcesBuildPhase;
			buildActionMask = 2147483647;
			files = (
				52B944A118AE99F3006BF402 /* NSMethodSignatureCategoryTests.m in Sources */,
				529B9A0518AFE076002BA7F1 /* RNFParametersParserTests.m in Sources */,
				52ABBAFD18AF8CD600446DB2 /* RNFJSONResponseDeserializerTests.m in Sources */,
				528AA5B118AE911F00A07294 /* RNFBaseOperationConfigurationTests.m in Sources */,
				52F7A2A518A8191100378EFA /* RNFEndpointManagerTests.m in Sources */,
				5280FC5118ABF9B100835D48 /* RNFDictionaryEndpointConfigurationTests.m in Sources */,
				526935B618AC0F620082111D /* RNFPlistConfigurationLoaderTests.m in Sources */,
				52356CB818AFDC6600587086 /* NSArrayCategoryTests.m in Sources */,
				52C8DF2E18A96A6100DBA94D /* RNFEndpointTests.m in Sources */,
				5241F87B18AE95A500F7DDB9 /* RNFDictionaryOperationConfigurationTests.m in Sources */,
				5280FC4F18ABF71900835D48 /* RNFBaseEndpointConfigurationTests.m in Sources */,
			);
			runOnlyForDeploymentPostprocessing = 0;
		};
/* End PBXSourcesBuildPhase section */

/* Begin PBXTargetDependency section */
		5218573918A8182500D70786 /* PBXTargetDependency */ = {
			isa = PBXTargetDependency;
			target = 3B2CB5AA59F80EEFFFB3FFDE /* RuntimeNetworkFoundation */;
			targetProxy = 5218573818A8182500D70786 /* PBXContainerItemProxy */;
		};
/* End PBXTargetDependency section */

/* Begin PBXVariantGroup section */
		3B2CB0DC25BDC06782C5BB14 /* InfoPlist.strings */ = {
			isa = PBXVariantGroup;
			children = (
				3B2CB93B3FCFEB1CDDA7FDE8 /* en */,
			);
			name = InfoPlist.strings;
			sourceTree = "<group>";
		};
		5218573218A8182500D70786 /* InfoPlist.strings */ = {
			isa = PBXVariantGroup;
			children = (
				5218573318A8182500D70786 /* en */,
			);
			name = InfoPlist.strings;
			sourceTree = "<group>";
		};
/* End PBXVariantGroup section */

/* Begin XCBuildConfiguration section */
		3B2CB3A9C17B39A747ECA173 /* Release */ = {
			isa = XCBuildConfiguration;
			baseConfigurationReference = 44F2752C9E6942ADA0B0267B /* Pods.xcconfig */;
			buildSettings = {
				ASSETCATALOG_COMPILER_APPICON_NAME = AppIcon;
				ASSETCATALOG_COMPILER_LAUNCHIMAGE_NAME = LaunchImage;
				GCC_PRECOMPILE_PREFIX_HEADER = YES;
				GCC_PREFIX_HEADER = "RuntimeNetworkFoundation/RuntimeNetworkFoundation-Prefix.pch";
				INFOPLIST_FILE = "RuntimeNetworkFoundation/RuntimeNetworkFoundation-Info.plist";
				PRODUCT_NAME = "$(TARGET_NAME)";
				VALID_ARCHS = "armv7 armv7s";
				WRAPPER_EXTENSION = app;
			};
			name = Release;
		};
		3B2CB4FC60AE8C914FB083BA /* Debug */ = {
			isa = XCBuildConfiguration;
			baseConfigurationReference = 44F2752C9E6942ADA0B0267B /* Pods.xcconfig */;
			buildSettings = {
				ASSETCATALOG_COMPILER_APPICON_NAME = AppIcon;
				ASSETCATALOG_COMPILER_LAUNCHIMAGE_NAME = LaunchImage;
				GCC_PRECOMPILE_PREFIX_HEADER = YES;
				GCC_PREFIX_HEADER = "RuntimeNetworkFoundation/RuntimeNetworkFoundation-Prefix.pch";
				INFOPLIST_FILE = "RuntimeNetworkFoundation/RuntimeNetworkFoundation-Info.plist";
				ONLY_ACTIVE_ARCH = NO;
				PRODUCT_NAME = "$(TARGET_NAME)";
				VALID_ARCHS = "armv7 armv7s";
				WRAPPER_EXTENSION = app;
			};
			name = Debug;
		};
		3B2CBD878024F8C3985E43A5 /* Debug */ = {
			isa = XCBuildConfiguration;
			buildSettings = {
				ALWAYS_SEARCH_USER_PATHS = NO;
				CLANG_CXX_LANGUAGE_STANDARD = "gnu++0x";
				CLANG_CXX_LIBRARY = "libc++";
				CLANG_ENABLE_MODULES = YES;
				CLANG_ENABLE_OBJC_ARC = YES;
				CLANG_WARN_BOOL_CONVERSION = YES;
				CLANG_WARN_CONSTANT_CONVERSION = YES;
				CLANG_WARN_DIRECT_OBJC_ISA_USAGE = YES_ERROR;
				CLANG_WARN_EMPTY_BODY = YES;
				CLANG_WARN_ENUM_CONVERSION = YES;
				CLANG_WARN_INT_CONVERSION = YES;
				CLANG_WARN_OBJC_ROOT_CLASS = YES_ERROR;
				CLANG_WARN__DUPLICATE_METHOD_MATCH = YES;
				"CODE_SIGN_IDENTITY[sdk=iphoneos*]" = "iPhone Developer";
				COPY_PHASE_STRIP = NO;
				GCC_C_LANGUAGE_STANDARD = gnu99;
				GCC_DYNAMIC_NO_PIC = NO;
				GCC_OPTIMIZATION_LEVEL = 0;
				GCC_PREPROCESSOR_DEFINITIONS = (
					"DEBUG=1",
					"$(inherited)",
				);
				GCC_SYMBOLS_PRIVATE_EXTERN = NO;
				GCC_WARN_64_TO_32_BIT_CONVERSION = YES;
				GCC_WARN_ABOUT_RETURN_TYPE = YES_ERROR;
				GCC_WARN_UNDECLARED_SELECTOR = YES;
				GCC_WARN_UNINITIALIZED_AUTOS = YES;
				GCC_WARN_UNUSED_FUNCTION = YES;
				GCC_WARN_UNUSED_VARIABLE = YES;
				IPHONEOS_DEPLOYMENT_TARGET = 7.0;
				ONLY_ACTIVE_ARCH = YES;
				SDKROOT = iphoneos;
				TARGETED_DEVICE_FAMILY = "1,2";
			};
			name = Debug;
		};
		3B2CBF2A3DE95028C1F01B8F /* Release */ = {
			isa = XCBuildConfiguration;
			buildSettings = {
				ALWAYS_SEARCH_USER_PATHS = NO;
				CLANG_CXX_LANGUAGE_STANDARD = "gnu++0x";
				CLANG_CXX_LIBRARY = "libc++";
				CLANG_ENABLE_MODULES = YES;
				CLANG_ENABLE_OBJC_ARC = YES;
				CLANG_WARN_BOOL_CONVERSION = YES;
				CLANG_WARN_CONSTANT_CONVERSION = YES;
				CLANG_WARN_DIRECT_OBJC_ISA_USAGE = YES_ERROR;
				CLANG_WARN_EMPTY_BODY = YES;
				CLANG_WARN_ENUM_CONVERSION = YES;
				CLANG_WARN_INT_CONVERSION = YES;
				CLANG_WARN_OBJC_ROOT_CLASS = YES_ERROR;
				CLANG_WARN__DUPLICATE_METHOD_MATCH = YES;
				"CODE_SIGN_IDENTITY[sdk=iphoneos*]" = "iPhone Developer";
				COPY_PHASE_STRIP = YES;
				ENABLE_NS_ASSERTIONS = NO;
				GCC_C_LANGUAGE_STANDARD = gnu99;
				GCC_WARN_64_TO_32_BIT_CONVERSION = YES;
				GCC_WARN_ABOUT_RETURN_TYPE = YES_ERROR;
				GCC_WARN_UNDECLARED_SELECTOR = YES;
				GCC_WARN_UNINITIALIZED_AUTOS = YES;
				GCC_WARN_UNUSED_FUNCTION = YES;
				GCC_WARN_UNUSED_VARIABLE = YES;
				IPHONEOS_DEPLOYMENT_TARGET = 7.0;
				SDKROOT = iphoneos;
				TARGETED_DEVICE_FAMILY = "1,2";
				VALIDATE_PRODUCT = YES;
			};
			name = Release;
		};
		5218573B18A8182500D70786 /* Release */ = {
			isa = XCBuildConfiguration;
			baseConfigurationReference = 4D2AEE38A65E445A906C7D6B /* Pods-RuntimeNetworkFoundationTests.xcconfig */;
			buildSettings = {
				BUNDLE_LOADER = "$(BUILT_PRODUCTS_DIR)/RuntimeNetworkFoundation.app/RuntimeNetworkFoundation";
				FRAMEWORK_SEARCH_PATHS = (
					"$(SDKROOT)/Developer/Library/Frameworks",
					"$(inherited)",
					"$(DEVELOPER_FRAMEWORKS_DIR)",
				);
				GCC_PRECOMPILE_PREFIX_HEADER = YES;
				GCC_PREFIX_HEADER = "RuntimeNetworkFoundationTests/RuntimeNetworkFoundationTests-Prefix.pch";
				INFOPLIST_FILE = "RuntimeNetworkFoundationTests/RuntimeNetworkFoundationTests-Info.plist";
				PRODUCT_NAME = "$(TARGET_NAME)";
				TEST_HOST = "$(BUNDLE_LOADER)";
				VALID_ARCHS = "armv7 armv7s";
				WRAPPER_EXTENSION = xctest;
			};
			name = Release;
		};
		5218573C18A8182500D70786 /* Debug */ = {
			isa = XCBuildConfiguration;
			baseConfigurationReference = 4D2AEE38A65E445A906C7D6B /* Pods-RuntimeNetworkFoundationTests.xcconfig */;
			buildSettings = {
				BUNDLE_LOADER = "$(BUILT_PRODUCTS_DIR)/RuntimeNetworkFoundation.app/RuntimeNetworkFoundation";
				FRAMEWORK_SEARCH_PATHS = (
					"$(SDKROOT)/Developer/Library/Frameworks",
					"$(inherited)",
					"$(DEVELOPER_FRAMEWORKS_DIR)",
				);
				GCC_PRECOMPILE_PREFIX_HEADER = YES;
				GCC_PREFIX_HEADER = "RuntimeNetworkFoundationTests/RuntimeNetworkFoundationTests-Prefix.pch";
				GCC_PREPROCESSOR_DEFINITIONS = (
					"DEBUG=1",
					"$(inherited)",
				);
				INFOPLIST_FILE = "RuntimeNetworkFoundationTests/RuntimeNetworkFoundationTests-Info.plist";
				ONLY_ACTIVE_ARCH = NO;
				PRODUCT_NAME = "$(TARGET_NAME)";
				TEST_HOST = "$(BUNDLE_LOADER)";
				VALID_ARCHS = "armv7 armv7s";
				WRAPPER_EXTENSION = xctest;
			};
			name = Debug;
		};
		526B53CB18AD6B9400CAC6EC /* Release */ = {
			isa = XCBuildConfiguration;
			buildSettings = {
				PRODUCT_NAME = "$(TARGET_NAME)";
			};
			name = Release;
		};
		526B53CC18AD6B9400CAC6EC /* Debug */ = {
			isa = XCBuildConfiguration;
			buildSettings = {
				PRODUCT_NAME = "$(TARGET_NAME)";
			};
			name = Debug;
		};
/* End XCBuildConfiguration section */

/* Begin XCConfigurationList section */
		3B2CB13BA1C45C4D25368F26 /* Build configuration list for PBXNativeTarget "RuntimeNetworkFoundation" */ = {
			isa = XCConfigurationList;
			buildConfigurations = (
				3B2CB3A9C17B39A747ECA173 /* Release */,
				3B2CB4FC60AE8C914FB083BA /* Debug */,
			);
			defaultConfigurationIsVisible = 0;
			defaultConfigurationName = Release;
		};
		3B2CBB43A0C993A8B5684B7E /* Build configuration list for PBXProject "RuntimeNetworkFoundation" */ = {
			isa = XCConfigurationList;
			buildConfigurations = (
				3B2CBF2A3DE95028C1F01B8F /* Release */,
				3B2CBD878024F8C3985E43A5 /* Debug */,
			);
			defaultConfigurationIsVisible = 0;
			defaultConfigurationName = Release;
		};
		5218573A18A8182500D70786 /* Build configuration list for PBXNativeTarget "RuntimeNetworkFoundationTests" */ = {
			isa = XCConfigurationList;
			buildConfigurations = (
				5218573B18A8182500D70786 /* Release */,
				5218573C18A8182500D70786 /* Debug */,
			);
			defaultConfigurationIsVisible = 0;
			defaultConfigurationName = Release;
		};
		526B53CA18AD6B9400CAC6EC /* Build configuration list for PBXAggregateTarget "Documentation" */ = {
			isa = XCConfigurationList;
			buildConfigurations = (
				526B53CB18AD6B9400CAC6EC /* Release */,
				526B53CC18AD6B9400CAC6EC /* Debug */,
			);
			defaultConfigurationIsVisible = 0;
			defaultConfigurationName = Release;
		};
/* End XCConfigurationList section */
	};
	rootObject = 3B2CB5149BB2B52C779CE69A /* Project object */;
}
